// !$*UTF8*$!
{
	archiveVersion = 1;
	classes = {
	};
	objectVersion = 46;
	objects = {

/* Begin PBXBuildFile section */
		2852B70C1ADD4264005368C9 /* aim.png in Resources */ = {isa = PBXBuildFile; fileRef = 2852B70B1ADD4264005368C9 /* aim.png */; };
		2852B70E1ADD42CC005368C9 /* beacon.png in Resources */ = {isa = PBXBuildFile; fileRef = 2852B70D1ADD42CC005368C9 /* beacon.png */; };
		285D519A1AC3239D00EE8DB4 /* main.m in Sources */ = {isa = PBXBuildFile; fileRef = 285D51991AC3239D00EE8DB4 /* main.m */; };
		285D519D1AC3239D00EE8DB4 /* AppDelegate.m in Sources */ = {isa = PBXBuildFile; fileRef = 285D519C1AC3239D00EE8DB4 /* AppDelegate.m */; };
		285D51A01AC3239D00EE8DB4 /* EstimoteMonitorVC.m in Sources */ = {isa = PBXBuildFile; fileRef = 285D519F1AC3239D00EE8DB4 /* EstimoteMonitorVC.m */; };
		285D51A31AC3239D00EE8DB4 /* Main.storyboard in Resources */ = {isa = PBXBuildFile; fileRef = 285D51A11AC3239D00EE8DB4 /* Main.storyboard */; };
		285D51A51AC3239D00EE8DB4 /* Images.xcassets in Resources */ = {isa = PBXBuildFile; fileRef = 285D51A41AC3239D00EE8DB4 /* Images.xcassets */; };
		285D51A81AC3239D00EE8DB4 /* LaunchScreen.xib in Resources */ = {isa = PBXBuildFile; fileRef = 285D51A61AC3239D00EE8DB4 /* LaunchScreen.xib */; };
		285D51B41AC3239D00EE8DB4 /* BeaconsPlaygroundTests.m in Sources */ = {isa = PBXBuildFile; fileRef = 285D51B31AC3239D00EE8DB4 /* BeaconsPlaygroundTests.m */; };
		285D51BE1AC323A600EE8DB4 /* CoreLocation.framework in Frameworks */ = {isa = PBXBuildFile; fileRef = 285D51BD1AC323A600EE8DB4 /* CoreLocation.framework */; };
		2870FB3B1AFB8AD30095FA00 /* CoreMonitorVC.m in Sources */ = {isa = PBXBuildFile; fileRef = 2870FB3A1AFB8AD30095FA00 /* CoreMonitorVC.m */; };
		287A936C1AE7E9870046DB63 /* IndoorMappingModel.m in Sources */ = {isa = PBXBuildFile; fileRef = 287A936B1AE7E9870046DB63 /* IndoorMappingModel.m */; };
		287A93701AE7EAA00046DB63 /* MappedBeacon.m in Sources */ = {isa = PBXBuildFile; fileRef = 287A936F1AE7EAA00046DB63 /* MappedBeacon.m */; };
		287A93731AE7EB2F0046DB63 /* Wall.m in Sources */ = {isa = PBXBuildFile; fileRef = 287A93721AE7EB2F0046DB63 /* Wall.m */; };
		287A93771AE7EF490046DB63 /* DisplayMappingVC.m in Sources */ = {isa = PBXBuildFile; fileRef = 287A93761AE7EF490046DB63 /* DisplayMappingVC.m */; };
		287A937A1AE7F57A0046DB63 /* RangedBeacon.m in Sources */ = {isa = PBXBuildFile; fileRef = 287A93791AE7F57A0046DB63 /* RangedBeacon.m */; };
		288C9D6B1ACC27FC00C187A2 /* KalmanFilteredBeacon.m in Sources */ = {isa = PBXBuildFile; fileRef = 288C9D6A1ACC27FC00C187A2 /* KalmanFilteredBeacon.m */; };
		288C9D6E1ACC3CC800C187A2 /* KalmanFilterManager.m in Sources */ = {isa = PBXBuildFile; fileRef = 288C9D6D1ACC3CC800C187A2 /* KalmanFilterManager.m */; };
		289093651ACB2A050008CAC7 /* SystemConfiguration.framework in Frameworks */ = {isa = PBXBuildFile; fileRef = 289093641ACB2A050008CAC7 /* SystemConfiguration.framework */; };
		289093671ACB2A0A0008CAC7 /* CoreGraphics.framework in Frameworks */ = {isa = PBXBuildFile; fileRef = 289093661ACB2A0A0008CAC7 /* CoreGraphics.framework */; };
		289093691ACB2A660008CAC7 /* UIKit.framework in Frameworks */ = {isa = PBXBuildFile; fileRef = 289093681ACB2A660008CAC7 /* UIKit.framework */; };
		2890936B1ACB2A6E0008CAC7 /* Foundation.framework in Frameworks */ = {isa = PBXBuildFile; fileRef = 2890936A1ACB2A6E0008CAC7 /* Foundation.framework */; };
		2890936D1ACB2A8D0008CAC7 /* CoreBluetooth.framework in Frameworks */ = {isa = PBXBuildFile; fileRef = 2890936C1ACB2A8D0008CAC7 /* CoreBluetooth.framework */; };
		2893A4501AE2D7BB003790A4 /* MiBeaconTrilateration.m in Sources */ = {isa = PBXBuildFile; fileRef = 2893A44F1AE2D7BB003790A4 /* MiBeaconTrilateration.m */; };
		E51F915B602484F3902F3AAF /* libPods.a in Frameworks */ = {isa = PBXBuildFile; fileRef = 311FD25A2B36BDD1D129167E /* libPods.a */; };
/* End PBXBuildFile section */

/* Begin PBXContainerItemProxy section */
		285D51AE1AC3239D00EE8DB4 /* PBXContainerItemProxy */ = {
			isa = PBXContainerItemProxy;
			containerPortal = 285D518C1AC3239D00EE8DB4 /* Project object */;
			proxyType = 1;
			remoteGlobalIDString = 285D51931AC3239D00EE8DB4;
			remoteInfo = BeaconsPlayground;
		};
/* End PBXContainerItemProxy section */

/* Begin PBXFileReference section */
		0B3CE3114E7222C5B09EDEFD /* Pods.debug.xcconfig */ = {isa = PBXFileReference; includeInIndex = 1; lastKnownFileType = text.xcconfig; name = Pods.debug.xcconfig; path = "Pods/Target Support Files/Pods/Pods.debug.xcconfig"; sourceTree = "<group>"; };
		2852B70B1ADD4264005368C9 /* aim.png */ = {isa = PBXFileReference; lastKnownFileType = image.png; path = aim.png; sourceTree = "<group>"; };
		2852B70D1ADD42CC005368C9 /* beacon.png */ = {isa = PBXFileReference; lastKnownFileType = image.png; path = beacon.png; sourceTree = "<group>"; };
		285D51941AC3239D00EE8DB4 /* BeaconsPlayground.app */ = {isa = PBXFileReference; explicitFileType = wrapper.application; includeInIndex = 0; path = BeaconsPlayground.app; sourceTree = BUILT_PRODUCTS_DIR; };
		285D51981AC3239D00EE8DB4 /* Info.plist */ = {isa = PBXFileReference; lastKnownFileType = text.plist.xml; path = Info.plist; sourceTree = "<group>"; };
		285D51991AC3239D00EE8DB4 /* main.m */ = {isa = PBXFileReference; lastKnownFileType = sourcecode.c.objc; path = main.m; sourceTree = "<group>"; };
		285D519B1AC3239D00EE8DB4 /* AppDelegate.h */ = {isa = PBXFileReference; lastKnownFileType = sourcecode.c.h; path = AppDelegate.h; sourceTree = "<group>"; };
		285D519C1AC3239D00EE8DB4 /* AppDelegate.m */ = {isa = PBXFileReference; lastKnownFileType = sourcecode.c.objc; path = AppDelegate.m; sourceTree = "<group>"; };
		285D519E1AC3239D00EE8DB4 /* EstimoteMonitorVC.h */ = {isa = PBXFileReference; lastKnownFileType = sourcecode.c.h; path = EstimoteMonitorVC.h; sourceTree = "<group>"; };
		285D519F1AC3239D00EE8DB4 /* EstimoteMonitorVC.m */ = {isa = PBXFileReference; lastKnownFileType = sourcecode.c.objc; path = EstimoteMonitorVC.m; sourceTree = "<group>"; };
		285D51A21AC3239D00EE8DB4 /* Base */ = {isa = PBXFileReference; lastKnownFileType = file.storyboard; name = Base; path = Base.lproj/Main.storyboard; sourceTree = "<group>"; };
		285D51A41AC3239D00EE8DB4 /* Images.xcassets */ = {isa = PBXFileReference; lastKnownFileType = folder.assetcatalog; path = Images.xcassets; sourceTree = "<group>"; };
		285D51A71AC3239D00EE8DB4 /* Base */ = {isa = PBXFileReference; lastKnownFileType = file.xib; name = Base; path = Base.lproj/LaunchScreen.xib; sourceTree = "<group>"; };
		285D51AD1AC3239D00EE8DB4 /* BeaconsPlaygroundTests.xctest */ = {isa = PBXFileReference; explicitFileType = wrapper.cfbundle; includeInIndex = 0; path = BeaconsPlaygroundTests.xctest; sourceTree = BUILT_PRODUCTS_DIR; };
		285D51B21AC3239D00EE8DB4 /* Info.plist */ = {isa = PBXFileReference; lastKnownFileType = text.plist.xml; path = Info.plist; sourceTree = "<group>"; };
		285D51B31AC3239D00EE8DB4 /* BeaconsPlaygroundTests.m */ = {isa = PBXFileReference; lastKnownFileType = sourcecode.c.objc; path = BeaconsPlaygroundTests.m; sourceTree = "<group>"; };
		285D51BD1AC323A600EE8DB4 /* CoreLocation.framework */ = {isa = PBXFileReference; lastKnownFileType = wrapper.framework; name = CoreLocation.framework; path = System/Library/Frameworks/CoreLocation.framework; sourceTree = SDKROOT; };
		2870FB391AFB8AD30095FA00 /* CoreMonitorVC.h */ = {isa = PBXFileReference; fileEncoding = 4; lastKnownFileType = sourcecode.c.h; path = CoreMonitorVC.h; sourceTree = "<group>"; };
		2870FB3A1AFB8AD30095FA00 /* CoreMonitorVC.m */ = {isa = PBXFileReference; fileEncoding = 4; lastKnownFileType = sourcecode.c.objc; path = CoreMonitorVC.m; sourceTree = "<group>"; };
		287A936A1AE7E9870046DB63 /* IndoorMappingModel.h */ = {isa = PBXFileReference; fileEncoding = 4; lastKnownFileType = sourcecode.c.h; path = IndoorMappingModel.h; sourceTree = "<group>"; };
		287A936B1AE7E9870046DB63 /* IndoorMappingModel.m */ = {isa = PBXFileReference; fileEncoding = 4; lastKnownFileType = sourcecode.c.objc; path = IndoorMappingModel.m; sourceTree = "<group>"; };
		287A936E1AE7EAA00046DB63 /* MappedBeacon.h */ = {isa = PBXFileReference; fileEncoding = 4; lastKnownFileType = sourcecode.c.h; path = MappedBeacon.h; sourceTree = "<group>"; };
		287A936F1AE7EAA00046DB63 /* MappedBeacon.m */ = {isa = PBXFileReference; fileEncoding = 4; lastKnownFileType = sourcecode.c.objc; path = MappedBeacon.m; sourceTree = "<group>"; };
		287A93711AE7EB2F0046DB63 /* Wall.h */ = {isa = PBXFileReference; fileEncoding = 4; lastKnownFileType = sourcecode.c.h; path = Wall.h; sourceTree = "<group>"; };
		287A93721AE7EB2F0046DB63 /* Wall.m */ = {isa = PBXFileReference; fileEncoding = 4; lastKnownFileType = sourcecode.c.objc; path = Wall.m; sourceTree = "<group>"; };
		287A93751AE7EF490046DB63 /* DisplayMappingVC.h */ = {isa = PBXFileReference; fileEncoding = 4; lastKnownFileType = sourcecode.c.h; path = DisplayMappingVC.h; sourceTree = "<group>"; };
		287A93761AE7EF490046DB63 /* DisplayMappingVC.m */ = {isa = PBXFileReference; fileEncoding = 4; lastKnownFileType = sourcecode.c.objc; path = DisplayMappingVC.m; sourceTree = "<group>"; };
		287A93781AE7F57A0046DB63 /* RangedBeacon.h */ = {isa = PBXFileReference; fileEncoding = 4; lastKnownFileType = sourcecode.c.h; path = RangedBeacon.h; sourceTree = "<group>"; };
		287A93791AE7F57A0046DB63 /* RangedBeacon.m */ = {isa = PBXFileReference; fileEncoding = 4; lastKnownFileType = sourcecode.c.objc; path = RangedBeacon.m; sourceTree = "<group>"; };
		288C9D691ACC27FC00C187A2 /* KalmanFilteredBeacon.h */ = {isa = PBXFileReference; fileEncoding = 4; lastKnownFileType = sourcecode.c.h; path = KalmanFilteredBeacon.h; sourceTree = "<group>"; };
		288C9D6A1ACC27FC00C187A2 /* KalmanFilteredBeacon.m */ = {isa = PBXFileReference; fileEncoding = 4; lastKnownFileType = sourcecode.c.objc; path = KalmanFilteredBeacon.m; sourceTree = "<group>"; };
		288C9D6C1ACC3CC800C187A2 /* KalmanFilterManager.h */ = {isa = PBXFileReference; fileEncoding = 4; lastKnownFileType = sourcecode.c.h; path = KalmanFilterManager.h; sourceTree = "<group>"; };
		288C9D6D1ACC3CC800C187A2 /* KalmanFilterManager.m */ = {isa = PBXFileReference; fileEncoding = 4; lastKnownFileType = sourcecode.c.objc; path = KalmanFilterManager.m; sourceTree = "<group>"; };
		289093641ACB2A050008CAC7 /* SystemConfiguration.framework */ = {isa = PBXFileReference; lastKnownFileType = wrapper.framework; name = SystemConfiguration.framework; path = System/Library/Frameworks/SystemConfiguration.framework; sourceTree = SDKROOT; };
		289093661ACB2A0A0008CAC7 /* CoreGraphics.framework */ = {isa = PBXFileReference; lastKnownFileType = wrapper.framework; name = CoreGraphics.framework; path = System/Library/Frameworks/CoreGraphics.framework; sourceTree = SDKROOT; };
		289093681ACB2A660008CAC7 /* UIKit.framework */ = {isa = PBXFileReference; lastKnownFileType = wrapper.framework; name = UIKit.framework; path = System/Library/Frameworks/UIKit.framework; sourceTree = SDKROOT; };
		2890936A1ACB2A6E0008CAC7 /* Foundation.framework */ = {isa = PBXFileReference; lastKnownFileType = wrapper.framework; name = Foundation.framework; path = System/Library/Frameworks/Foundation.framework; sourceTree = SDKROOT; };
		2890936C1ACB2A8D0008CAC7 /* CoreBluetooth.framework */ = {isa = PBXFileReference; lastKnownFileType = wrapper.framework; name = CoreBluetooth.framework; path = System/Library/Frameworks/CoreBluetooth.framework; sourceTree = SDKROOT; };
		2893A44E1AE2D7BB003790A4 /* MiBeaconTrilateration.h */ = {isa = PBXFileReference; fileEncoding = 4; lastKnownFileType = sourcecode.c.h; path = MiBeaconTrilateration.h; sourceTree = "<group>"; };
		2893A44F1AE2D7BB003790A4 /* MiBeaconTrilateration.m */ = {isa = PBXFileReference; fileEncoding = 4; lastKnownFileType = sourcecode.c.objc; path = MiBeaconTrilateration.m; sourceTree = "<group>"; };
		311FD25A2B36BDD1D129167E /* libPods.a */ = {isa = PBXFileReference; explicitFileType = archive.ar; includeInIndex = 0; path = libPods.a; sourceTree = BUILT_PRODUCTS_DIR; };
		F157BC8D71297C5FE562E048 /* Pods.release.xcconfig */ = {isa = PBXFileReference; includeInIndex = 1; lastKnownFileType = text.xcconfig; name = Pods.release.xcconfig; path = "Pods/Target Support Files/Pods/Pods.release.xcconfig"; sourceTree = "<group>"; };
/* End PBXFileReference section */

/* Begin PBXFrameworksBuildPhase section */
		285D51911AC3239D00EE8DB4 /* Frameworks */ = {
			isa = PBXFrameworksBuildPhase;
			buildActionMask = 2147483647;
			files = (
				2890936D1ACB2A8D0008CAC7 /* CoreBluetooth.framework in Frameworks */,
				2890936B1ACB2A6E0008CAC7 /* Foundation.framework in Frameworks */,
				289093691ACB2A660008CAC7 /* UIKit.framework in Frameworks */,
				289093671ACB2A0A0008CAC7 /* CoreGraphics.framework in Frameworks */,
				289093651ACB2A050008CAC7 /* SystemConfiguration.framework in Frameworks */,
				285D51BE1AC323A600EE8DB4 /* CoreLocation.framework in Frameworks */,
				E51F915B602484F3902F3AAF /* libPods.a in Frameworks */,
			);
			runOnlyForDeploymentPostprocessing = 0;
		};
		285D51AA1AC3239D00EE8DB4 /* Frameworks */ = {
			isa = PBXFrameworksBuildPhase;
			buildActionMask = 2147483647;
			files = (
			);
			runOnlyForDeploymentPostprocessing = 0;
		};
/* End PBXFrameworksBuildPhase section */

/* Begin PBXGroup section */
		0916597941F310A952CDDA45 /* Pods */ = {
			isa = PBXGroup;
			children = (
				0B3CE3114E7222C5B09EDEFD /* Pods.debug.xcconfig */,
				F157BC8D71297C5FE562E048 /* Pods.release.xcconfig */,
			);
			name = Pods;
			sourceTree = "<group>";
		};
		285D518B1AC3239D00EE8DB4 = {
			isa = PBXGroup;
			children = (
				2852B70B1ADD4264005368C9 /* aim.png */,
				2852B70D1ADD42CC005368C9 /* beacon.png */,
				285D51961AC3239D00EE8DB4 /* BeaconsPlayground */,
				285D51B01AC3239D00EE8DB4 /* BeaconsPlaygroundTests */,
				285D51951AC3239D00EE8DB4 /* Products */,
				0916597941F310A952CDDA45 /* Pods */,
				35935007FC653F70F4887E3C /* Frameworks */,
			);
			sourceTree = "<group>";
		};
		285D51951AC3239D00EE8DB4 /* Products */ = {
			isa = PBXGroup;
			children = (
				285D51941AC3239D00EE8DB4 /* BeaconsPlayground.app */,
				285D51AD1AC3239D00EE8DB4 /* BeaconsPlaygroundTests.xctest */,
			);
			name = Products;
			sourceTree = "<group>";
		};
		285D51961AC3239D00EE8DB4 /* BeaconsPlayground */ = {
			isa = PBXGroup;
			children = (
				2893A44C1AE2D798003790A4 /* External Sources */,
				288C9D661ACC26B400C187A2 /* Utility */,
				288C9D651ACC26A100C187A2 /* VC */,
				288C9D641ACC25CF00C187A2 /* Main */,
			);
			path = BeaconsPlayground;
			sourceTree = "<group>";
		};
		285D51971AC3239D00EE8DB4 /* Supporting Files */ = {
			isa = PBXGroup;
			children = (
				285D51981AC3239D00EE8DB4 /* Info.plist */,
				285D51991AC3239D00EE8DB4 /* main.m */,
			);
			name = "Supporting Files";
			sourceTree = "<group>";
		};
		285D51B01AC3239D00EE8DB4 /* BeaconsPlaygroundTests */ = {
			isa = PBXGroup;
			children = (
				285D51B31AC3239D00EE8DB4 /* BeaconsPlaygroundTests.m */,
				285D51B11AC3239D00EE8DB4 /* Supporting Files */,
			);
			path = BeaconsPlaygroundTests;
			sourceTree = "<group>";
		};
		285D51B11AC3239D00EE8DB4 /* Supporting Files */ = {
			isa = PBXGroup;
			children = (
				285D51B21AC3239D00EE8DB4 /* Info.plist */,
			);
			name = "Supporting Files";
			sourceTree = "<group>";
		};
		287A93691AE7E9670046DB63 /* Mapping */ = {
			isa = PBXGroup;
			children = (
				287A936D1AE7EA770046DB63 /* Structs */,
				287A936A1AE7E9870046DB63 /* IndoorMappingModel.h */,
				287A936B1AE7E9870046DB63 /* IndoorMappingModel.m */,
			);
			name = Mapping;
			sourceTree = "<group>";
		};
		287A936D1AE7EA770046DB63 /* Structs */ = {
			isa = PBXGroup;
			children = (
				287A936E1AE7EAA00046DB63 /* MappedBeacon.h */,
				287A936F1AE7EAA00046DB63 /* MappedBeacon.m */,
				287A93711AE7EB2F0046DB63 /* Wall.h */,
				287A93721AE7EB2F0046DB63 /* Wall.m */,
			);
			name = Structs;
			sourceTree = "<group>";
		};
		287A93741AE7EECC0046DB63 /* Display */ = {
			isa = PBXGroup;
			children = (
				287A937B1AE7F57F0046DB63 /* Struct */,
				287A93751AE7EF490046DB63 /* DisplayMappingVC.h */,
				287A93761AE7EF490046DB63 /* DisplayMappingVC.m */,
			);
			name = Display;
			sourceTree = "<group>";
		};
		287A937B1AE7F57F0046DB63 /* Struct */ = {
			isa = PBXGroup;
			children = (
				287A93781AE7F57A0046DB63 /* RangedBeacon.h */,
				287A93791AE7F57A0046DB63 /* RangedBeacon.m */,
			);
			name = Struct;
			sourceTree = "<group>";
		};
		288C9D641ACC25CF00C187A2 /* Main */ = {
			isa = PBXGroup;
			children = (
				285D51971AC3239D00EE8DB4 /* Supporting Files */,
				285D519B1AC3239D00EE8DB4 /* AppDelegate.h */,
				285D519C1AC3239D00EE8DB4 /* AppDelegate.m */,
				285D51A11AC3239D00EE8DB4 /* Main.storyboard */,
				285D51A41AC3239D00EE8DB4 /* Images.xcassets */,
				285D51A61AC3239D00EE8DB4 /* LaunchScreen.xib */,
			);
			name = Main;
			sourceTree = "<group>";
		};
		288C9D651ACC26A100C187A2 /* VC */ = {
			isa = PBXGroup;
			children = (
				285D519E1AC3239D00EE8DB4 /* EstimoteMonitorVC.h */,
				285D519F1AC3239D00EE8DB4 /* EstimoteMonitorVC.m */,
				2870FB391AFB8AD30095FA00 /* CoreMonitorVC.h */,
				2870FB3A1AFB8AD30095FA00 /* CoreMonitorVC.m */,
			);
			name = VC;
			sourceTree = "<group>";
		};
		288C9D661ACC26B400C187A2 /* Utility */ = {
			isa = PBXGroup;
			children = (
				287A93741AE7EECC0046DB63 /* Display */,
				287A93691AE7E9670046DB63 /* Mapping */,
				288C9D681ACC26C800C187A2 /* Kalman */,
			);
			name = Utility;
			sourceTree = "<group>";
		};
		288C9D681ACC26C800C187A2 /* Kalman */ = {
			isa = PBXGroup;
			children = (
				288C9D691ACC27FC00C187A2 /* KalmanFilteredBeacon.h */,
				288C9D6A1ACC27FC00C187A2 /* KalmanFilteredBeacon.m */,
				288C9D6C1ACC3CC800C187A2 /* KalmanFilterManager.h */,
				288C9D6D1ACC3CC800C187A2 /* KalmanFilterManager.m */,
			);
			name = Kalman;
			sourceTree = "<group>";
		};
		2893A44C1AE2D798003790A4 /* External Sources */ = {
			isa = PBXGroup;
			children = (
				2893A44D1AE2D7A9003790A4 /* MiBeaconTrilateration */,
			);
			name = "External Sources";
			sourceTree = "<group>";
		};
		2893A44D1AE2D7A9003790A4 /* MiBeaconTrilateration */ = {
			isa = PBXGroup;
			children = (
				2893A44E1AE2D7BB003790A4 /* MiBeaconTrilateration.h */,
				2893A44F1AE2D7BB003790A4 /* MiBeaconTrilateration.m */,
			);
			name = MiBeaconTrilateration;
			sourceTree = "<group>";
		};
		35935007FC653F70F4887E3C /* Frameworks */ = {
			isa = PBXGroup;
			children = (
				2890936C1ACB2A8D0008CAC7 /* CoreBluetooth.framework */,
				2890936A1ACB2A6E0008CAC7 /* Foundation.framework */,
				289093681ACB2A660008CAC7 /* UIKit.framework */,
				289093661ACB2A0A0008CAC7 /* CoreGraphics.framework */,
				289093641ACB2A050008CAC7 /* SystemConfiguration.framework */,
				285D51BD1AC323A600EE8DB4 /* CoreLocation.framework */,
				311FD25A2B36BDD1D129167E /* libPods.a */,
			);
			name = Frameworks;
			sourceTree = "<group>";
		};
/* End PBXGroup section */

/* Begin PBXNativeTarget section */
		285D51931AC3239D00EE8DB4 /* BeaconsPlayground */ = {
			isa = PBXNativeTarget;
			buildConfigurationList = 285D51B71AC3239D00EE8DB4 /* Build configuration list for PBXNativeTarget "BeaconsPlayground" */;
			buildPhases = (
				C93A6B18FE84A417DFD55A8A /* Check Pods Manifest.lock */,
				285D51901AC3239D00EE8DB4 /* Sources */,
				285D51911AC3239D00EE8DB4 /* Frameworks */,
				285D51921AC3239D00EE8DB4 /* Resources */,
				FCE3A263065320E570F1BEC1 /* Copy Pods Resources */,
			);
			buildRules = (
			);
			dependencies = (
			);
			name = BeaconsPlayground;
			productName = BeaconsPlayground;
			productReference = 285D51941AC3239D00EE8DB4 /* BeaconsPlayground.app */;
			productType = "com.apple.product-type.application";
		};
		285D51AC1AC3239D00EE8DB4 /* BeaconsPlaygroundTests */ = {
			isa = PBXNativeTarget;
			buildConfigurationList = 285D51BA1AC3239D00EE8DB4 /* Build configuration list for PBXNativeTarget "BeaconsPlaygroundTests" */;
			buildPhases = (
				285D51A91AC3239D00EE8DB4 /* Sources */,
				285D51AA1AC3239D00EE8DB4 /* Frameworks */,
				285D51AB1AC3239D00EE8DB4 /* Resources */,
			);
			buildRules = (
			);
			dependencies = (
				285D51AF1AC3239D00EE8DB4 /* PBXTargetDependency */,
			);
			name = BeaconsPlaygroundTests;
			productName = BeaconsPlaygroundTests;
			productReference = 285D51AD1AC3239D00EE8DB4 /* BeaconsPlaygroundTests.xctest */;
			productType = "com.apple.product-type.bundle.unit-test";
		};
/* End PBXNativeTarget section */

/* Begin PBXProject section */
		285D518C1AC3239D00EE8DB4 /* Project object */ = {
			isa = PBXProject;
			attributes = {
				LastUpgradeCheck = 0620;
				ORGANIZATIONNAME = "Stanislav Kimov";
				TargetAttributes = {
					285D51931AC3239D00EE8DB4 = {
						CreatedOnToolsVersion = 6.2;
					};
					285D51AC1AC3239D00EE8DB4 = {
						CreatedOnToolsVersion = 6.2;
						TestTargetID = 285D51931AC3239D00EE8DB4;
					};
				};
			};
			buildConfigurationList = 285D518F1AC3239D00EE8DB4 /* Build configuration list for PBXProject "BeaconsPlayground" */;
			compatibilityVersion = "Xcode 3.2";
			developmentRegion = English;
			hasScannedForEncodings = 0;
			knownRegions = (
				en,
				Base,
			);
			mainGroup = 285D518B1AC3239D00EE8DB4;
			productRefGroup = 285D51951AC3239D00EE8DB4 /* Products */;
			projectDirPath = "";
			projectRoot = "";
			targets = (
				285D51931AC3239D00EE8DB4 /* BeaconsPlayground */,
				285D51AC1AC3239D00EE8DB4 /* BeaconsPlaygroundTests */,
			);
		};
/* End PBXProject section */

/* Begin PBXResourcesBuildPhase section */
		285D51921AC3239D00EE8DB4 /* Resources */ = {
			isa = PBXResourcesBuildPhase;
			buildActionMask = 2147483647;
			files = (
				285D51A31AC3239D00EE8DB4 /* Main.storyboard in Resources */,
				2852B70C1ADD4264005368C9 /* aim.png in Resources */,
				285D51A81AC3239D00EE8DB4 /* LaunchScreen.xib in Resources */,
				285D51A51AC3239D00EE8DB4 /* Images.xcassets in Resources */,
				2852B70E1ADD42CC005368C9 /* beacon.png in Resources */,
			);
			runOnlyForDeploymentPostprocessing = 0;
		};
		285D51AB1AC3239D00EE8DB4 /* Resources */ = {
			isa = PBXResourcesBuildPhase;
			buildActionMask = 2147483647;
			files = (
			);
			runOnlyForDeploymentPostprocessing = 0;
		};
/* End PBXResourcesBuildPhase section */

/* Begin PBXShellScriptBuildPhase section */
		C93A6B18FE84A417DFD55A8A /* Check Pods Manifest.lock */ = {
			isa = PBXShellScriptBuildPhase;
			buildActionMask = 2147483647;
			files = (
			);
			inputPaths = (
			);
			name = "Check Pods Manifest.lock";
			outputPaths = (
			);
			runOnlyForDeploymentPostprocessing = 0;
			shellPath = /bin/sh;
			shellScript = "diff \"${PODS_ROOT}/../Podfile.lock\" \"${PODS_ROOT}/Manifest.lock\" > /dev/null\nif [[ $? != 0 ]] ; then\n    cat << EOM\nerror: The sandbox is not in sync with the Podfile.lock. Run 'pod install' or update your CocoaPods installation.\nEOM\n    exit 1\nfi\n";
			showEnvVarsInLog = 0;
		};
		FCE3A263065320E570F1BEC1 /* Copy Pods Resources */ = {
			isa = PBXShellScriptBuildPhase;
			buildActionMask = 2147483647;
			files = (
			);
			inputPaths = (
			);
			name = "Copy Pods Resources";
			outputPaths = (
			);
			runOnlyForDeploymentPostprocessing = 0;
			shellPath = /bin/sh;
			shellScript = "\"${SRCROOT}/Pods/Target Support Files/Pods/Pods-resources.sh\"\n";
			showEnvVarsInLog = 0;
		};
/* End PBXShellScriptBuildPhase section */

/* Begin PBXSourcesBuildPhase section */
		285D51901AC3239D00EE8DB4 /* Sources */ = {
			isa = PBXSourcesBuildPhase;
			buildActionMask = 2147483647;
			files = (
				2893A4501AE2D7BB003790A4 /* MiBeaconTrilateration.m in Sources */,
				287A936C1AE7E9870046DB63 /* IndoorMappingModel.m in Sources */,
				287A93731AE7EB2F0046DB63 /* Wall.m in Sources */,
				287A937A1AE7F57A0046DB63 /* RangedBeacon.m in Sources */,
				288C9D6B1ACC27FC00C187A2 /* KalmanFilteredBeacon.m in Sources */,
				287A93771AE7EF490046DB63 /* DisplayMappingVC.m in Sources */,
				287A93701AE7EAA00046DB63 /* MappedBeacon.m in Sources */,
				285D51A01AC3239D00EE8DB4 /* EstimoteMonitorVC.m in Sources */,
				2870FB3B1AFB8AD30095FA00 /* CoreMonitorVC.m in Sources */,
				288C9D6E1ACC3CC800C187A2 /* KalmanFilterManager.m in Sources */,
				285D519D1AC3239D00EE8DB4 /* AppDelegate.m in Sources */,
				285D519A1AC3239D00EE8DB4 /* main.m in Sources */,
			);
			runOnlyForDeploymentPostprocessing = 0;
		};
		285D51A91AC3239D00EE8DB4 /* Sources */ = {
			isa = PBXSourcesBuildPhase;
			buildActionMask = 2147483647;
			files = (
				285D51B41AC3239D00EE8DB4 /* BeaconsPlaygroundTests.m in Sources */,
			);
			runOnlyForDeploymentPostprocessing = 0;
		};
/* End PBXSourcesBuildPhase section */

/* Begin PBXTargetDependency section */
		285D51AF1AC3239D00EE8DB4 /* PBXTargetDependency */ = {
			isa = PBXTargetDependency;
			target = 285D51931AC3239D00EE8DB4 /* BeaconsPlayground */;
			targetProxy = 285D51AE1AC3239D00EE8DB4 /* PBXContainerItemProxy */;
		};
/* End PBXTargetDependency section */

/* Begin PBXVariantGroup section */
		285D51A11AC3239D00EE8DB4 /* Main.storyboard */ = {
			isa = PBXVariantGroup;
			children = (
				285D51A21AC3239D00EE8DB4 /* Base */,
			);
			name = Main.storyboard;
			sourceTree = "<group>";
		};
		285D51A61AC3239D00EE8DB4 /* LaunchScreen.xib */ = {
			isa = PBXVariantGroup;
			children = (
				285D51A71AC3239D00EE8DB4 /* Base */,
			);
			name = LaunchScreen.xib;
			sourceTree = "<group>";
		};
/* End PBXVariantGroup section */

/* Begin XCBuildConfiguration section */
		285D51B51AC3239D00EE8DB4 /* Debug */ = {
			isa = XCBuildConfiguration;
			buildSettings = {
				ALWAYS_SEARCH_USER_PATHS = NO;
				CLANG_CXX_LANGUAGE_STANDARD = "gnu++0x";
				CLANG_CXX_LIBRARY = "libc++";
				CLANG_ENABLE_MODULES = YES;
				CLANG_ENABLE_OBJC_ARC = YES;
				CLANG_WARN_BOOL_CONVERSION = YES;
				CLANG_WARN_CONSTANT_CONVERSION = YES;
				CLANG_WARN_DIRECT_OBJC_ISA_USAGE = YES_ERROR;
				CLANG_WARN_EMPTY_BODY = YES;
				CLANG_WARN_ENUM_CONVERSION = YES;
				CLANG_WARN_INT_CONVERSION = YES;
				CLANG_WARN_OBJC_ROOT_CLASS = YES_ERROR;
				CLANG_WARN_UNREACHABLE_CODE = YES;
				CLANG_WARN__DUPLICATE_METHOD_MATCH = YES;
				CODE_SIGN_IDENTITY = "iPhone Developer: Stanislav Kimov (9H5ZE3UPS4)";
				"CODE_SIGN_IDENTITY[sdk=iphoneos*]" = "iPhone Developer: Stanislav Kimov (9H5ZE3UPS4)";
				COPY_PHASE_STRIP = NO;
				ENABLE_STRICT_OBJC_MSGSEND = YES;
				GCC_C_LANGUAGE_STANDARD = gnu99;
				GCC_DYNAMIC_NO_PIC = NO;
				GCC_OPTIMIZATION_LEVEL = 0;
				GCC_PREPROCESSOR_DEFINITIONS = (
					"DEBUG=1",
					"$(inherited)",
				);
				GCC_SYMBOLS_PRIVATE_EXTERN = NO;
				GCC_WARN_64_TO_32_BIT_CONVERSION = YES;
				GCC_WARN_ABOUT_RETURN_TYPE = YES_ERROR;
				GCC_WARN_UNDECLARED_SELECTOR = YES;
				GCC_WARN_UNINITIALIZED_AUTOS = YES_AGGRESSIVE;
				GCC_WARN_UNUSED_FUNCTION = YES;
				GCC_WARN_UNUSED_VARIABLE = YES;
				IPHONEOS_DEPLOYMENT_TARGET = 8.2;
				MTL_ENABLE_DEBUG_INFO = YES;
				ONLY_ACTIVE_ARCH = YES;
				PROVISIONING_PROFILE = "4c1e4153-1634-4925-834e-04ff4059981d";
				SDKROOT = iphoneos;
				TARGETED_DEVICE_FAMILY = "1,2";
			};
			name = Debug;
		};
		285D51B61AC3239D00EE8DB4 /* Release */ = {
			isa = XCBuildConfiguration;
			buildSettings = {
				ALWAYS_SEARCH_USER_PATHS = NO;
				CLANG_CXX_LANGUAGE_STANDARD = "gnu++0x";
				CLANG_CXX_LIBRARY = "libc++";
				CLANG_ENABLE_MODULES = YES;
				CLANG_ENABLE_OBJC_ARC = YES;
				CLANG_WARN_BOOL_CONVERSION = YES;
				CLANG_WARN_CONSTANT_CONVERSION = YES;
				CLANG_WARN_DIRECT_OBJC_ISA_USAGE = YES_ERROR;
				CLANG_WARN_EMPTY_BODY = YES;
				CLANG_WARN_ENUM_CONVERSION = YES;
				CLANG_WARN_INT_CONVERSION = YES;
				CLANG_WARN_OBJC_ROOT_CLASS = YES_ERROR;
				CLANG_WARN_UNREACHABLE_CODE = YES;
				CLANG_WARN__DUPLICATE_METHOD_MATCH = YES;
				CODE_SIGN_IDENTITY = "iPhone Developer: Stanislav Kimov (9H5ZE3UPS4)";
				"CODE_SIGN_IDENTITY[sdk=iphoneos*]" = "iPhone Developer: Stanislav Kimov (9H5ZE3UPS4)";
				COPY_PHASE_STRIP = NO;
				ENABLE_NS_ASSERTIONS = NO;
				ENABLE_STRICT_OBJC_MSGSEND = YES;
				GCC_C_LANGUAGE_STANDARD = gnu99;
				GCC_WARN_64_TO_32_BIT_CONVERSION = YES;
				GCC_WARN_ABOUT_RETURN_TYPE = YES_ERROR;
				GCC_WARN_UNDECLARED_SELECTOR = YES;
				GCC_WARN_UNINITIALIZED_AUTOS = YES_AGGRESSIVE;
				GCC_WARN_UNUSED_FUNCTION = YES;
				GCC_WARN_UNUSED_VARIABLE = YES;
				IPHONEOS_DEPLOYMENT_TARGET = 8.2;
				MTL_ENABLE_DEBUG_INFO = NO;
				PROVISIONING_PROFILE = "4c1e4153-1634-4925-834e-04ff4059981d";
				SDKROOT = iphoneos;
				TARGETED_DEVICE_FAMILY = "1,2";
				VALIDATE_PRODUCT = YES;
			};
			name = Release;
		};
		285D51B81AC3239D00EE8DB4 /* Debug */ = {
			isa = XCBuildConfiguration;
			baseConfigurationReference = 0B3CE3114E7222C5B09EDEFD /* Pods.debug.xcconfig */;
			buildSettings = {
				ASSETCATALOG_COMPILER_APPICON_NAME = AppIcon;
				FRAMEWORK_SEARCH_PATHS = (
					"$(inherited)",
					"$(PROJECT_DIR)/EstimoteSDK",
				);
				INFOPLIST_FILE = BeaconsPlayground/Info.plist;
				LD_RUNPATH_SEARCH_PATHS = "$(inherited) @executable_path/Frameworks";
				PRODUCT_NAME = "$(TARGET_NAME)";
			};
			name = Debug;
		};
		285D51B91AC3239D00EE8DB4 /* Release */ = {
			isa = XCBuildConfiguration;
			baseConfigurationReference = F157BC8D71297C5FE562E048 /* Pods.release.xcconfig */;
			buildSettings = {
				ASSETCATALOG_COMPILER_APPICON_NAME = AppIcon;
				FRAMEWORK_SEARCH_PATHS = (
					"$(inherited)",
					"$(PROJECT_DIR)/EstimoteSDK",
				);
				INFOPLIST_FILE = BeaconsPlayground/Info.plist;
				LD_RUNPATH_SEARCH_PATHS = "$(inherited) @executable_path/Frameworks";
				PRODUCT_NAME = "$(TARGET_NAME)";
			};
			name = Release;
		};
		285D51BB1AC3239D00EE8DB4 /* Debug */ = {
			isa = XCBuildConfiguration;
			buildSettings = {
				BUNDLE_LOADER = "$(TEST_HOST)";
				FRAMEWORK_SEARCH_PATHS = (
					"$(SDKROOT)/Developer/Library/Frameworks",
					"$(inherited)",
				);
				GCC_PREPROCESSOR_DEFINITIONS = (
					"DEBUG=1",
					"$(inherited)",
				);
				INFOPLIST_FILE = BeaconsPlaygroundTests/Info.plist;
				LD_RUNPATH_SEARCH_PATHS = "$(inherited) @executable_path/Frameworks @loader_path/Frameworks";
				PRODUCT_NAME = "$(TARGET_NAME)";
				TEST_HOST = "$(BUILT_PRODUCTS_DIR)/BeaconsPlayground.app/BeaconsPlayground";
			};
			name = Debug;
		};
		285D51BC1AC3239D00EE8DB4 /* Release */ = {
			isa = XCBuildConfiguration;
			buildSettings = {
				BUNDLE_LOADER = "$(TEST_HOST)";
				FRAMEWORK_SEARCH_PATHS = (
					"$(SDKROOT)/Developer/Library/Frameworks",
					"$(inherited)",
				);
				INFOPLIST_FILE = BeaconsPlaygroundTests/Info.plist;
				LD_RUNPATH_SEARCH_PATHS = "$(inherited) @executable_path/Frameworks @loader_path/Frameworks";
				PRODUCT_NAME = "$(TARGET_NAME)";
				TEST_HOST = "$(BUILT_PRODUCTS_DIR)/BeaconsPlayground.app/BeaconsPlayground";
			};
			name = Release;
		};
/* End XCBuildConfiguration section */

/* Begin XCConfigurationList section */
		285D518F1AC3239D00EE8DB4 /* Build configuration list for PBXProject "BeaconsPlayground" */ = {
			isa = XCConfigurationList;
			buildConfigurations = (
				285D51B51AC3239D00EE8DB4 /* Debug */,
				285D51B61AC3239D00EE8DB4 /* Release */,
			);
			defaultConfigurationIsVisible = 0;
			defaultConfigurationName = Release;
		};
		285D51B71AC3239D00EE8DB4 /* Build configuration list for PBXNativeTarget "BeaconsPlayground" */ = {
			isa = XCConfigurationList;
			buildConfigurations = (
				285D51B81AC3239D00EE8DB4 /* Debug */,
				285D51B91AC3239D00EE8DB4 /* Release */,
			);
			defaultConfigurationIsVisible = 0;
			defaultConfigurationName = Release;
		};
		285D51BA1AC3239D00EE8DB4 /* Build configuration list for PBXNativeTarget "BeaconsPlaygroundTests" */ = {
			isa = XCConfigurationList;
			buildConfigurations = (
				285D51BB1AC3239D00EE8DB4 /* Debug */,
				285D51BC1AC3239D00EE8DB4 /* Release */,
			);
			defaultConfigurationIsVisible = 0;
			defaultConfigurationName = Release;
		};
/* End XCConfigurationList section */
	};
	rootObject = 285D518C1AC3239D00EE8DB4 /* Project object */;
}
